
Microsoft Visual Studio Solution File, Format Version 12.00
# Visual Studio 14
VisualStudioVersion = 14.0.25420.1
MinimumVisualStudioVersion = 10.0.40219.1
Project("{FAE04EC0-301F-11D3-BF4B-00C04F79EFBC}") = "SignalR", "src\SignalR\SignalR.csproj", "{426F78A0-98FF-495B-B890-4973FCEE79AD}"
EndProject
Project("{FAE04EC0-301F-11D3-BF4B-00C04F79EFBC}") = "WebSockets", "src\WebSockets\WebSockets.csproj", "{8E818E99-781B-457B-8A76-977FFD354BC8}"
EndProject
Project("{E24C65DC-7377-472B-9ABA-BC803B73C61A}") = "AjaxWithjQuery", "src\AjaxWithjQuery\", "{74DFCB9A-C2FF-4B26-8625-9BC66093A2CB}"
	ProjectSection(WebsiteProperties) = preProject
		TargetFrameworkMoniker = ".NETFramework,Version%3Dv4.0"
		Debug.AspNetCompiler.VirtualPath = "/localhost_16545"
		Debug.AspNetCompiler.PhysicalPath = "src\AjaxWithjQuery\"
		Debug.AspNetCompiler.TargetPath = "PrecompiledWeb\localhost_16545\"
		Debug.AspNetCompiler.Updateable = "true"
		Debug.AspNetCompiler.ForceOverwrite = "true"
		Debug.AspNetCompiler.FixedNames = "false"
		Debug.AspNetCompiler.Debug = "True"
		Release.AspNetCompiler.VirtualPath = "/localhost_16545"
		Release.AspNetCompiler.PhysicalPath = "src\AjaxWithjQuery\"
		Release.AspNetCompiler.TargetPath = "PrecompiledWeb\localhost_16545\"
		Release.AspNetCompiler.Updateable = "true"
		Release.AspNetCompiler.ForceOverwrite = "true"
		Release.AspNetCompiler.FixedNames = "false"
		Release.AspNetCompiler.Debug = "False"
		VWDPort = "16545"
		SlnRelativePath = "src\AjaxWithjQuery\"
	EndProjectSection
EndProject
Project("{E24C65DC-7377-472B-9ABA-BC803B73C61A}") = "XMLHttpRequest", "src\XMLHttpRequest\", "{DF35D320-35A4-481D-A89B-114BAA3FBA3E}"
	ProjectSection(WebsiteProperties) = preProject
		TargetFrameworkMoniker = ".NETFramework,Version%3Dv4.0"
		Debug.AspNetCompiler.VirtualPath = "/localhost_16546"
		Debug.AspNetCompiler.PhysicalPath = "src\XMLHttpRequest\"
		Debug.AspNetCompiler.TargetPath = "PrecompiledWeb\localhost_16546\"
		Debug.AspNetCompiler.Updateable = "true"
		Debug.AspNetCompiler.ForceOverwrite = "true"
		Debug.AspNetCompiler.FixedNames = "false"
		Debug.AspNetCompiler.Debug = "True"
		Release.AspNetCompiler.VirtualPath = "/localhost_16546"
		Release.AspNetCompiler.PhysicalPath = "src\XMLHttpRequest\"
		Release.AspNetCompiler.TargetPath = "PrecompiledWeb\localhost_16546\"
		Release.AspNetCompiler.Updateable = "true"
		Release.AspNetCompiler.ForceOverwrite = "true"
		Release.AspNetCompiler.FixedNames = "false"
		Release.AspNetCompiler.Debug = "False"
		VWDPort = "16546"
		SlnRelativePath = "src\XMLHttpRequest\"
	EndProjectSection
EndProject
Global
	GlobalSection(SolutionConfigurationPlatforms) = preSolution
		Debug|Any CPU = Debug|Any CPU
		Release|Any CPU = Release|Any CPU
	EndGlobalSection
	GlobalSection(ProjectConfigurationPlatforms) = postSolution
		{426F78A0-98FF-495B-B890-4973FCEE79AD}.Debug|Any CPU.ActiveCfg = Debug|Any CPU
		{426F78A0-98FF-495B-B890-4973FCEE79AD}.Debug|Any CPU.Build.0 = Debug|Any CPU
		{426F78A0-98FF-495B-B890-4973FCEE79AD}.Release|Any CPU.ActiveCfg = Release|Any CPU
		{426F78A0-98FF-495B-B890-4973FCEE79AD}.Release|Any CPU.Build.0 = Release|Any CPU
		{8E818E99-781B-457B-8A76-977FFD354BC8}.Debug|Any CPU.ActiveCfg = Debug|Any CPU
		{8E818E99-781B-457B-8A76-977FFD354BC8}.Debug|Any CPU.Build.0 = Debug|Any CPU
		{8E818E99-781B-457B-8A76-977FFD354BC8}.Release|Any CPU.ActiveCfg = Release|Any CPU
		{8E818E99-781B-457B-8A76-977FFD354BC8}.Release|Any CPU.Build.0 = Release|Any CPU
		{74DFCB9A-C2FF-4B26-8625-9BC66093A2CB}.Debug|Any CPU.ActiveCfg = Debug|Any CPU
		{74DFCB9A-C2FF-4B26-8625-9BC66093A2CB}.Debug|Any CPU.Build.0 = Debug|Any CPU
		{74DFCB9A-C2FF-4B26-8625-9BC66093A2CB}.Release|Any CPU.ActiveCfg = Debug|Any CPU
		{74DFCB9A-C2FF-4B26-8625-9BC66093A2CB}.Release|Any CPU.Build.0 = Debug|Any CPU
		{DF35D320-35A4-481D-A89B-114BAA3FBA3E}.Debug|Any CPU.ActiveCfg = Debug|Any CPU
		{DF35D320-35A4-481D-A89B-114BAA3FBA3E}.Debug|Any CPU.Build.0 = Debug|Any CPU
		{DF35D320-35A4-481D-A89B-114BAA3FBA3E}.Release|Any CPU.ActiveCfg = Debug|Any CPU
		{DF35D320-35A4-481D-A89B-114BAA3FBA3E}.Release|Any CPU.Build.0 = Debug|Any CPU
	EndGlobalSection
	GlobalSection(SolutionProperties) = preSolution
		HideSolutionNode = FALSE
	EndGlobalSection
EndGlobal
